Microsoft Visual Studio Solution File, Format Version 12.00
# Visual Studio Version 17
VisualStudioVersion = 17.2.32630.192
MinimumVisualStudioVersion = 10.0.40219.1
Project("{9A19103F-16F7-4668-BE54-9A1E7A4F7556}") = "GameVM.Compiler.Core", "src\GameVM.Compiler.Core\GameVM.Compiler.Core.csproj", "{97C05EA7-8356-4207-AC34-F558D046D88D}"
EndProject
Project("{9A19103F-16F7-4668-BE54-9A1E7A4F7556}") = "UnitTests", "src\UnitTests\UnitTests.csproj", "{F35168CF-7787-4B60-B723-BDE66ABC6502}"
EndProject
Project("{9A19103F-16F7-4668-BE54-9A1E7A4F7556}") = "GameVM.Compile", "src\GameVM.Compile\GameVM.Compile.csproj", "{799E232D-2E79-422E-8E79-8BB40C664802}"
EndProject
Project("{9A19103F-16F7-4668-BE54-9A1E7A4F7556}") = "GameVM.Compiler.Interaction", "src\GameVM.Compiler.Interaction\GameVM.Compiler.Interaction.csproj", "{84665C06-FD69-41A8-B762-41DB2B3C3BF7}"
EndProject
Project("{2150E333-8FDC-42A3-9474-1A3956D46DE8}") = "Documentation", "Documentation", "{39D0F369-757E-4293-A04E-BE82A4B55C2C}"
	ProjectSection(SolutionItems) = preProject
		LICENSE = LICENSE
		README.md = README.md
	EndProjectSection
EndProject
Project("{FAE04EC0-301F-11D3-BF4B-00C04F79EFBC}") = "GameVM.Compiler.Application", "src\GameVM.Compiler.Application\GameVM.Compiler.Application.csproj", "{C48D8C38-E28C-431D-8B0B-6D23AE02390B}"
EndProject
Project("{9A19103F-16F7-4668-BE54-9A1E7A4F7556}") = "GameVM.Compiler.Specs", "src\GameVM.Compiler.Specs\GameVM.Compiler.Specs.csproj", "{E48D8C38-E28C-431D-8B0B-6D23AE02390C}"
EndProject
Project("{FAE04EC0-301F-11D3-BF4B-00C04F79EFBC}") = "GameVM.Compiler.Pascal", "src\GameVM.Compiler.Pascal\GameVM.Compiler.Pascal.csproj", "{6EC6E34E-7F1A-474B-94C5-13C11D5F7FD7}"
EndProject
Project("{FAE04EC0-301F-11D3-BF4B-00C04F79EFBC}") = "GameVM.Compiler.Pascal.Tests", "src\GameVM.Compiler.Pascal.Tests\GameVM.Compiler.Pascal.Tests.csproj", "{4E3A933E-6BAF-4DA3-A180-FCB9E8F1EEBE}"
EndProject
Project("{9A19103F-16F7-4668-BE54-9A1E7A4F7556}") = "GameVM.Compiler.Core.Tests", "src\GameVM.Compiler.Core.Tests\GameVM.Compiler.Core.Tests.csproj", "{00000000-0000-0000-0000-000000000000}"
EndProject
Project("{2150E333-8FDC-42A3-9474-1A3956D46DE8}") = "test", "test", "{FC9BB7B7-966E-42C8-8B83-302602214938}"
EndProject
Project("{FAE04EC0-301F-11D3-BF4B-00C04F79EFBC}") = "GameVM.Compiler.Backend.Atari2600.Tests", "test\GameVM.Compiler.Backend.Atari2600.Tests\GameVM.Compiler.Backend.Atari2600.Tests.csproj", "{E1256B5E-9C30-4906-94C6-53638AE4256C}"
EndProject
Project("{2150E333-8FDC-42A3-9474-1A3956D46DE8}") = "src", "src", "{E4AF1868-08C6-4D14-BFFE-43C52B4441E3}"
EndProject
Project("{FAE04EC0-301F-11D3-BF4B-00C04F79EFBC}") = "GameVM.Compiler.Optimizers.MidLevel", "src\GameVM.Compiler.Optimizers.MidLevel\GameVM.Compiler.Optimizers.MidLevel.csproj", "{101EAD1E-A20A-45F8-B4F9-A4462A9FCFC5}"
EndProject
Project("{FAE04EC0-301F-11D3-BF4B-00C04F79EFBC}") = "GameVM.Compiler.Optimizers.LowLevel", "src\GameVM.Compiler.Optimizers.LowLevel\GameVM.Compiler.Optimizers.LowLevel.csproj", "{1DA02302-A30E-41C0-A7F3-6DFF78E8052E}"
EndProject
Global
	GlobalSection(SolutionConfigurationPlatforms) = preSolution
		Debug|Any CPU = Debug|Any CPU
		Release|Any CPU = Release|Any CPU
	EndGlobalSection
	GlobalSection(ProjectConfigurationPlatforms) = postSolution
		{97C05EA7-8356-4207-AC34-F558D046D88D}.Debug|Any CPU.ActiveCfg = Debug|Any CPU
		{97C05EA7-8356-4207-AC34-F558D046D88D}.Debug|Any CPU.Build.0 = Debug|Any CPU
		{97C05EA7-8356-4207-AC34-F558D046D88D}.Release|Any CPU.ActiveCfg = Release|Any CPU
		{97C05EA7-8356-4207-AC34-F558D046D88D}.Release|Any CPU.Build.0 = Release|Any CPU
		{F35168CF-7787-4B60-B723-BDE66ABC6502}.Debug|Any CPU.ActiveCfg = Debug|Any CPU
		{F35168CF-7787-4B60-B723-BDE66ABC6502}.Debug|Any CPU.Build.0 = Debug|Any CPU
		{F35168CF-7787-4B60-B723-BDE66ABC6502}.Release|Any CPU.ActiveCfg = Release|Any CPU
		{F35168CF-7787-4B60-B723-BDE66ABC6502}.Release|Any CPU.Build.0 = Release|Any CPU
		{799E232D-2E79-422E-8E79-8BB40C664802}.Debug|Any CPU.ActiveCfg = Debug|Any CPU
		{799E232D-2E79-422E-8E79-8BB40C664802}.Debug|Any CPU.Build.0 = Debug|Any CPU
		{799E232D-2E79-422E-8E79-8BB40C664802}.Release|Any CPU.ActiveCfg = Release|Any CPU
		{799E232D-2E79-422E-8E79-8BB40C664802}.Release|Any CPU.Build.0 = Release|Any CPU
		{84665C06-FD69-41A8-B762-41DB2B3C3BF7}.Debug|Any CPU.ActiveCfg = Debug|Any CPU
		{84665C06-FD69-41A8-B762-41DB2B3C3BF7}.Debug|Any CPU.Build.0 = Debug|Any CPU
		{84665C06-FD69-41A8-B762-41DB2B3C3BF7}.Release|Any CPU.ActiveCfg = Release|Any CPU
		{84665C06-FD69-41A8-B762-41DB2B3C3BF7}.Release|Any CPU.Build.0 = Release|Any CPU
		{C48D8C38-E28C-431D-8B0B-6D23AE02390B}.Debug|Any CPU.ActiveCfg = Debug|Any CPU
		{C48D8C38-E28C-431D-8B0B-6D23AE02390B}.Debug|Any CPU.Build.0 = Debug|Any CPU
		{C48D8C38-E28C-431D-8B0B-6D23AE02390B}.Release|Any CPU.ActiveCfg = Release|Any CPU
		{C48D8C38-E28C-431D-8B0B-6D23AE02390B}.Release|Any CPU.Build.0 = Release|Any CPU
		{E48D8C38-E28C-431D-8B0B-6D23AE02390C}.Debug|Any CPU.ActiveCfg = Debug|Any CPU
		{E48D8C38-E28C-431D-8B0B-6D23AE02390C}.Debug|Any CPU.Build.0 = Debug|Any CPU
		{E48D8C38-E28C-431D-8B0B-6D23AE02390C}.Release|Any CPU.ActiveCfg = Release|Any CPU
		{E48D8C38-E28C-431D-8B0B-6D23AE02390C}.Release|Any CPU.Build.0 = Release|Any CPU
		{6EC6E34E-7F1A-474B-94C5-13C11D5F7FD7}.Debug|Any CPU.ActiveCfg = Debug|Any CPU
		{6EC6E34E-7F1A-474B-94C5-13C11D5F7FD7}.Debug|Any CPU.Build.0 = Debug|Any CPU
		{6EC6E34E-7F1A-474B-94C5-13C11D5F7FD7}.Release|Any CPU.ActiveCfg = Release|Any CPU
		{6EC6E34E-7F1A-474B-94C5-13C11D5F7FD7}.Release|Any CPU.Build.0 = Release|Any CPU
		{4E3A933E-6BAF-4DA3-A180-FCB9E8F1EEBE}.Debug|Any CPU.ActiveCfg = Debug|Any CPU
		{4E3A933E-6BAF-4DA3-A180-FCB9E8F1EEBE}.Debug|Any CPU.Build.0 = Debug|Any CPU
		{4E3A933E-6BAF-4DA3-A180-FCB9E8F1EEBE}.Release|Any CPU.ActiveCfg = Release|Any CPU
		{4E3A933E-6BAF-4DA3-A180-FCB9E8F1EEBE}.Release|Any CPU.Build.0 = Release|Any CPU
		{E1256B5E-9C30-4906-94C6-53638AE4256C}.Debug|Any CPU.ActiveCfg = Debug|Any CPU
		{E1256B5E-9C30-4906-94C6-53638AE4256C}.Debug|Any CPU.Build.0 = Debug|Any CPU
		{E1256B5E-9C30-4906-94C6-53638AE4256C}.Release|Any CPU.ActiveCfg = Release|Any CPU
		{E1256B5E-9C30-4906-94C6-53638AE4256C}.Release|Any CPU.Build.0 = Release|Any CPU
		{101EAD1E-A20A-45F8-B4F9-A4462A9FCFC5}.Debug|Any CPU.ActiveCfg = Debug|Any CPU
		{101EAD1E-A20A-45F8-B4F9-A4462A9FCFC5}.Debug|Any CPU.Build.0 = Debug|Any CPU
		{101EAD1E-A20A-45F8-B4F9-A4462A9FCFC5}.Release|Any CPU.ActiveCfg = Release|Any CPU
		{101EAD1E-A20A-45F8-B4F9-A4462A9FCFC5}.Release|Any CPU.Build.0 = Release|Any CPU
		{1DA02302-A30E-41C0-A7F3-6DFF78E8052E}.Debug|Any CPU.ActiveCfg = Debug|Any CPU
		{1DA02302-A30E-41C0-A7F3-6DFF78E8052E}.Debug|Any CPU.Build.0 = Debug|Any CPU
		{1DA02302-A30E-41C0-A7F3-6DFF78E8052E}.Release|Any CPU.ActiveCfg = Release|Any CPU
		{1DA02302-A30E-41C0-A7F3-6DFF78E8052E}.Release|Any CPU.Build.0 = Release|Any CPU
		{00000000-0000-0000-0000-000000000000}.Debug|Any CPU.ActiveCfg = Debug|Any CPU
		{00000000-0000-0000-0000-000000000000}.Debug|Any CPU.Build.0 = Debug|Any CPU
	EndGlobalSection
	GlobalSection(SolutionProperties) = preSolution
		HideSolutionNode = FALSE
	EndGlobalSection
	GlobalSection(ExtensibilityGlobals) = postSolution
		SolutionGuid = {8A7D9B1A-6C91-4F5E-A1E3-7F53DD7F2C3D}
	EndGlobalSection
	GlobalSection(NestedProjects) = preSolution
		{E1256B5E-9C30-4906-94C6-53638AE4256C} = {FC9BB7B7-966E-42C8-8B83-302602214938}
		{101EAD1E-A20A-45F8-B4F9-A4462A9FCFC5} = {E4AF1868-08C6-4D14-BFFE-43C52B4441E3}
		{1DA02302-A30E-41C0-A7F3-6DFF78E8052E} = {E4AF1868-08C6-4D14-BFFE-43C52B4441E3}
	EndGlobalSection
EndGlobal
