
Microsoft Visual Studio Solution File, Format Version 12.00
# Visual Studio Version 17
VisualStudioVersion = 17.2.32630.192
MinimumVisualStudioVersion = 10.0.40219.1
Project("{9A19103F-16F7-4668-BE54-9A1E7A4F7556}") = "GameVM.Compiler.Core", "src\GameVM.Compiler.Core\GameVM.Compiler.Core.csproj", "{97C05EA7-8356-4207-AC34-F558D046D88D}"
EndProject
Project("{9A19103F-16F7-4668-BE54-9A1E7A4F7556}") = "GameVM.Analyzers", "src\GameVM.Analyzers\GameVM.Analyzers.csproj", "{E938E716-B3B1-475B-9972-97B28DBA6331}"
EndProject
Project("{9A19103F-16F7-4668-BE54-9A1E7A4F7556}") = "GameVM.Compile", "src\GameVM.Compile\GameVM.Compile.csproj", "{799E232D-2E79-422E-8E79-8BB40C664802}"
EndProject
Project("{9A19103F-16F7-4668-BE54-9A1E7A4F7556}") = "GameVM.Compiler.Interaction", "src\GameVM.Compiler.Interaction\GameVM.Compiler.Interaction.csproj", "{84665C06-FD69-41A8-B762-41DB2B3C3BF7}"
EndProject
Project("{2150E333-8FDC-42A3-9474-1A3956D46DE8}") = "Documentation", "Documentation", "{39D0F369-757E-4293-A04E-BE82A4B55C2C}"
	ProjectSection(SolutionItems) = preProject
		LICENSE = LICENSE
		README.md = README.md
		docs\TerminologyConsistencyReport.md = docs\TerminologyConsistencyReport.md
		docs\code-generation.md = docs\code-generation.md
		docs\platforms\CapabilityProfiles.md = docs\platforms\CapabilityProfiles.md
		docs\platforms\specs\tiger_game_com.md = docs\platforms\specs\tiger_game_com.md
		docs\platforms\specs\atari_5200.md = docs\platforms\specs\atari_5200.md
		docs\platforms\specs\epoch_super_cassette_vision.md = docs\platforms\specs\epoch_super_cassette_vision.md
		docs\platforms\specs\odyssey_2.md = docs\platforms\specs\odyssey_2.md
		docs\platforms\specs\atari_2600.md = docs\platforms\specs\atari_2600.md
		docs\platforms\specs\pc_fx.md = docs\platforms\specs\pc_fx.md
		docs\platforms\specs\atarijaguar.md = docs\platforms\specs\atarijaguar.md
		docs\platforms\specs\snes.md = docs\platforms\specs\snes.md
		docs\platforms\specs\genesis.md = docs\platforms\specs\genesis.md
		docs\platforms\specs\fm_towns_marty.md = docs\platforms\specs\fm_towns_marty.md
		docs\platforms\specs\neogeo.md = docs\platforms\specs\neogeo.md
		docs\platforms\specs\game_gear.md = docs\platforms\specs\game_gear.md
		docs\platforms\specs\wonderswan_color.md = docs\platforms\specs\wonderswan_color.md
		docs\platforms\specs\commodore_cdtv.md = docs\platforms\specs\commodore_cdtv.md
		docs\platforms\specs\amstrad_gx4000.md = docs\platforms\specs\amstrad_gx4000.md
		docs\platforms\specs\README.md = docs\platforms\specs\README.md
		docs\platforms\specs\neo_geo.md = docs\platforms\specs\neo_geo.md
		docs\platforms\specs\turbografx16.md = docs\platforms\specs\turbografx16.md
		docs\platforms\specs\atari_7800.md = docs\platforms\specs\atari_7800.md
		docs\platforms\specs\mega_duck.md = docs\platforms\specs\mega_duck.md
		docs\platforms\specs\atari_lynx.md = docs\platforms\specs\atari_lynx.md
		docs\platforms\specs\colecovision.md = docs\platforms\specs\colecovision.md
		docs\platforms\specs\sega_nomad.md = docs\platforms\specs\sega_nomad.md
		docs\platforms\specs\casio_pv_1000.md = docs\platforms\specs\casio_pv_1000.md
		docs\platforms\specs\TEMPLATE.md = docs\platforms\specs\TEMPLATE.md
		docs\platforms\specs\neo_geo_pocket_color.md = docs\platforms\specs\neo_geo_pocket_color.md
		docs\platforms\specs\turbografx_16.md = docs\platforms\specs\turbografx_16.md
		docs\platforms\specs\sony_playstation.md = docs\platforms\specs\sony_playstation.md
		docs\platforms\specs\pioneer_laseractive.md = docs\platforms\specs\pioneer_laseractive.md
		docs\platforms\specs\channel_f.md = docs\platforms\specs\channel_f.md
		docs\platforms\specs\emerson_arcadia_2001.md = docs\platforms\specs\emerson_arcadia_2001.md
		docs\platforms\specs\hartung_game_master.md = docs\platforms\specs\hartung_game_master.md
		docs\platforms\specs\neo_geo_pocket.md = docs\platforms\specs\neo_geo_pocket.md
		docs\platforms\specs\casio_loopy.md = docs\platforms\specs\casio_loopy.md
		docs\platforms\specs\sega_sg_1000.md = docs\platforms\specs\sega_sg_1000.md
		docs\platforms\specs\nintendo_64.md = docs\platforms\specs\nintendo_64.md
		docs\platforms\specs\intellivision.md = docs\platforms\specs\intellivision.md
		docs\platforms\specs\atari_jaguar.md = docs\platforms\specs\atari_jaguar.md
		docs\platforms\specs\sega_saturn.md = docs\platforms\specs\sega_saturn.md
		docs\platforms\specs\entex_adventure_vision.md = docs\platforms\specs\entex_adventure_vision.md
		docs\platforms\specs\turboexpress.md = docs\platforms\specs\turboexpress.md
		docs\platforms\specs\sega_master_system.md = docs\platforms\specs\sega_master_system.md
		docs\platforms\specs\rca_studio_ii.md = docs\platforms\specs\rca_studio_ii.md
		docs\platforms\specs\atari_xegs.md = docs\platforms\specs\atari_xegs.md
		docs\platforms\specs\turbo_express.md = docs\platforms\specs\turbo_express.md
		docs\platforms\specs\game_boy_color.md = docs\platforms\specs\game_boy_color.md
		docs\platforms\specs\vectrex.md = docs\platforms\specs\vectrex.md
		docs\platforms\specs\bitcorp_gamate.md = docs\platforms\specs\bitcorp_gamate.md
		docs\platforms\specs\3do.md = docs\platforms\specs\3do.md
		docs\platforms\specs\watara_supervision.md = docs\platforms\specs\watara_supervision.md
		docs\platforms\specs\bally_astrocade.md = docs\platforms\specs\bally_astrocade.md
		docs\platforms\specs\wonderswan.md = docs\platforms\specs\wonderswan.md
		docs\platforms\specs\nes.md = docs\platforms\specs\nes.md
		docs\platforms\specs\epoch_cassette_vision.md = docs\platforms\specs\epoch_cassette_vision.md
		docs\platforms\specs\philips_cdi.md = docs\platforms\specs\philips_cdi.md
		docs\platforms\specs\game_boy.md = docs\platforms\specs\game_boy.md
		docs\platforms\specs\apf_mp1000.md = docs\platforms\specs\apf_mp1000.md
		docs\platforms\specs\apple_pippin.md = docs\platforms\specs\apple_pippin.md
		docs\platforms\README.md = docs\platforms\README.md
		docs\platforms\CapabilityProfilesReport.md = docs\platforms\CapabilityProfilesReport.md
		docs\README.md = docs\README.md
		docs\optimization.md = docs\optimization.md
		docs\api\hal\HAL.md = docs\api\hal\HAL.md
		docs\api\README.md = docs\api\README.md
		docs\api\APIDocumentation.md = docs\api\APIDocumentation.md
		docs\api\common_language_features.md = docs\api\common_language_features.md
		docs\api\InterfaceSpecification.md = docs\api\InterfaceSpecification.md
		docs\api\stdlib\StandardLibrary.md = docs\api\stdlib\StandardLibrary.md
		docs\debugging.md = docs\debugging.md
		docs\architecture\ArchitectureOverview.md = docs\architecture\ArchitectureOverview.md
		docs\architecture\PerformanceGuidelines.md = docs\architecture\PerformanceGuidelines.md
		docs\architecture\TestSpecification.md = docs\architecture\TestSpecification.md
		docs\architecture\PackageManagement.md = docs\architecture\PackageManagement.md
		docs\architecture\README.md = docs\architecture\README.md
		docs\architecture\SDDGuide.md = docs\architecture\SDDGuide.md
		docs\architecture\TestingStrategy.md = docs\architecture\TestingStrategy.md
		docs\architecture\DocumentationStandards.md = docs\architecture\DocumentationStandards.md
		docs\architecture\SDDWorkflow.md = docs\architecture\SDDWorkflow.md
		docs\architecture\BehaviorSpecification.md = docs\architecture\BehaviorSpecification.md
		docs\architecture\Maintenance.md = docs\architecture\Maintenance.md
		docs\architecture\PerformanceSpecs.md = docs\architecture\PerformanceSpecs.md
		docs\architecture\VersioningStrategy.md = docs\architecture\VersioningStrategy.md
		docs\architecture.md = docs\architecture.md
		docs\terminology.json = docs\terminology.json
		docs\compiler\TypeSystem.md = docs\compiler\TypeSystem.md
		docs\compiler\InlineAssembly.md = docs\compiler\InlineAssembly.md
		docs\compiler\InternalAssemblyAPI.md = docs\compiler\InternalAssemblyAPI.md
		docs\compiler\LanguageIntegration.md = docs\compiler\LanguageIntegration.md
		docs\compiler\ModuleResolution.md = docs\compiler\ModuleResolution.md
		docs\compiler\HLIR.md = docs\compiler\HLIR.md
		docs\compiler\BuildSystem.md = docs\compiler\BuildSystem.md
		docs\compiler\ErrorHandling.md = docs\compiler\ErrorHandling.md
		docs\compiler\README.md = docs\compiler\README.md
		docs\compiler\MLIR.md = docs\compiler\MLIR.md
		docs\compiler\semantic-analysis-report.md = docs\compiler\semantic-analysis-report.md
		docs\compiler\Modules.md = docs\compiler\Modules.md
		docs\compiler\CLI_Design.md = docs\compiler\CLI_Design.md
		docs\compiler\CapabilityImplementationBlueprint.md = docs\compiler\CapabilityImplementationBlueprint.md
		docs\compiler\compiler_architecture.md = docs\compiler\compiler_architecture.md
		docs\compiler\atari2600_implementation.md = docs\compiler\atari2600_implementation.md
		docs\compiler\LLIR_ISA.md = docs\compiler\LLIR_ISA.md
		docs\compiler\Parser.md = docs\compiler\Parser.md
		docs\compiler\LLIR.md = docs\compiler\LLIR.md
		docs\compiler\DynamicLoading.md = docs\compiler\DynamicLoading.md
		docs\testing_strategy.md = docs\testing_strategy.md
	EndProjectSection
EndProject
Project("{FAE04EC0-301F-11D3-BF4B-00C04F79EFBC}") = "GameVM.Compiler.Application", "src\GameVM.Compiler.Application\GameVM.Compiler.Application.csproj", "{C48D8C38-E28C-431D-8B0B-6D23AE02390B}"
EndProject
Project("{FAE04EC0-301F-11D3-BF4B-00C04F79EFBC}") = "GameVM.Compiler.Pascal", "src\GameVM.Compiler.Pascal\GameVM.Compiler.Pascal.csproj", "{6EC6E34E-7F1A-474B-94C5-13C11D5F7FD7}"
EndProject
Project("{2150E333-8FDC-42A3-9474-1A3956D46DE8}") = "test", "test", "{FC9BB7B7-966E-42C8-8B83-302602214938}"
EndProject
Project("{FAE04EC0-301F-11D3-BF4B-00C04F79EFBC}") = "GameVM.Compiler.Backend.Atari2600.Tests", "test\GameVM.Compiler.Backend.Atari2600.Tests\GameVM.Compiler.Backend.Atari2600.Tests.csproj", "{E1256B5E-9C30-4906-94C6-53638AE4256C}"
EndProject
Project("{2150E333-8FDC-42A3-9474-1A3956D46DE8}") = "src", "src", "{E4AF1868-08C6-4D14-BFFE-43C52B4441E3}"
EndProject
Project("{FAE04EC0-301F-11D3-BF4B-00C04F79EFBC}") = "GameVM.Compiler.Optimizers.MidLevel", "src\GameVM.Compiler.Optimizers.MidLevel\GameVM.Compiler.Optimizers.MidLevel.csproj", "{101EAD1E-A20A-45F8-B4F9-A4462A9FCFC5}"
EndProject
Project("{FAE04EC0-301F-11D3-BF4B-00C04F79EFBC}") = "GameVM.Compiler.Optimizers.LowLevel", "src\GameVM.Compiler.Optimizers.LowLevel\GameVM.Compiler.Optimizers.LowLevel.csproj", "{1DA02302-A30E-41C0-A7F3-6DFF78E8052E}"
EndProject
Project("{FAE04EC0-301F-11D3-BF4B-00C04F79EFBC}") = "GameVM.Compiler.Application.Tests", "test\GameVM.Compiler.Application.Tests\GameVM.Compiler.Application.Tests.csproj", "{FF86BFC6-A975-49B1-A43D-735DCD336FCD}"
EndProject
Project("{FAE04EC0-301F-11D3-BF4B-00C04F79EFBC}") = "GameVM.Compiler.Specs", "test\GameVM.Compiler.Specs\GameVM.Compiler.Specs.csproj", "{31C0F87A-F1CB-4EC1-8BE5-410A078AFBBB}"
EndProject
Project("{FAE04EC0-301F-11D3-BF4B-00C04F79EFBC}") = "GameVM.Compiler.Optimizers.LowLevel.Tests", "test\GameVM.Compiler.Optimizers.LowLevel.Tests\GameVM.Compiler.Optimizers.LowLevel.Tests.csproj", "{99ECB1BA-7B3D-49CB-880C-90545C2B63D5}"
EndProject
Project("{FAE04EC0-301F-11D3-BF4B-00C04F79EFBC}") = "GameVM.Compiler.Optimizers.MidLevel.Tests", "test\GameVM.Compiler.Optimizers.MidLevel.Tests\GameVM.Compiler.Optimizers.MidLevel.Tests.csproj", "{52FE3181-2186-40C3-87BD-A163C73CADC8}"
EndProject
Project("{FAE04EC0-301F-11D3-BF4B-00C04F79EFBC}") = "GameVM.DevTools.Tests", "test\GameVM.DevTools.Tests\GameVM.DevTools.Tests.csproj", "{656EA38B-4F1C-40BB-9268-765AD24F7449}"
EndProject
Project("{FAE04EC0-301F-11D3-BF4B-00C04F79EFBC}") = "GameVM.Compile.Tests", "test\GameVM.Compile.Tests\GameVM.Compile.Tests.csproj", "{7E8633B7-C82A-479B-945F-58A8E6C82460}"
EndProject
Project("{FAE04EC0-301F-11D3-BF4B-00C04F79EFBC}") = "GameVM.Compiler.Core.Tests", "test\GameVM.Compiler.Core.Tests\GameVM.Compiler.Core.Tests.csproj", "{302EFD97-88F1-4E8B-929E-A57163E4D4AA}"
EndProject
Project("{FAE04EC0-301F-11D3-BF4B-00C04F79EFBC}") = "GameVM.Compiler.Interaction.Tests", "test\GameVM.Compiler.Interaction.Tests\GameVM.Compiler.Interaction.Tests.csproj", "{5D891926-66C1-46E7-99B8-7FF67E552FDF}"
EndProject
Project("{FAE04EC0-301F-11D3-BF4B-00C04F79EFBC}") = "GameVM.Compiler.Pascal.Tests", "test\GameVM.Compiler.Pascal.Tests\GameVM.Compiler.Pascal.Tests.csproj", "{C8BF5B3E-2745-4AF5-855B-68C35358A05D}"
EndProject
Project("{FAE04EC0-301F-11D3-BF4B-00C04F79EFBC}") = "GameVM.Compiler.Backend.Atari2600", "src\GameVM.Compiler.Backend.Atari2600\GameVM.Compiler.Backend.Atari2600.csproj", "{A57C43E6-39C1-4388-BCBC-BAF794CDDEE0}"
EndProject
Project("{FAE04EC0-301F-11D3-BF4B-00C04F79EFBC}") = "GameVM.DevTools", "src\GameVM.DevTools\GameVM.DevTools.csproj", "{8E74018E-15A3-411E-B002-AA9026F2A20F}"
EndProject
Project("{FAE04EC0-301F-11D3-BF4B-00C04F79EFBC}") = "GameVM.Compiler.Capabilities", "src\GameVM.Compiler.Capabilities\GameVM.Compiler.Capabilities.csproj", "{91C7359A-283F-40F8-998B-0699D22E200B}"
EndProject
Global
	GlobalSection(SolutionConfigurationPlatforms) = preSolution
		Debug|Any CPU = Debug|Any CPU
		Debug|x64 = Debug|x64
		Debug|x86 = Debug|x86
		Release|Any CPU = Release|Any CPU
		Release|x64 = Release|x64
		Release|x86 = Release|x86
	EndGlobalSection
	GlobalSection(ProjectConfigurationPlatforms) = postSolution
		{97C05EA7-8356-4207-AC34-F558D046D88D}.Debug|Any CPU.ActiveCfg = Debug|Any CPU
		{97C05EA7-8356-4207-AC34-F558D046D88D}.Debug|Any CPU.Build.0 = Debug|Any CPU
		{97C05EA7-8356-4207-AC34-F558D046D88D}.Debug|x64.ActiveCfg = Debug|Any CPU
		{97C05EA7-8356-4207-AC34-F558D046D88D}.Debug|x64.Build.0 = Debug|Any CPU
		{97C05EA7-8356-4207-AC34-F558D046D88D}.Debug|x86.ActiveCfg = Debug|Any CPU
		{97C05EA7-8356-4207-AC34-F558D046D88D}.Debug|x86.Build.0 = Debug|Any CPU
		{97C05EA7-8356-4207-AC34-F558D046D88D}.Release|Any CPU.ActiveCfg = Release|Any CPU
		{97C05EA7-8356-4207-AC34-F558D046D88D}.Release|Any CPU.Build.0 = Release|Any CPU
		{97C05EA7-8356-4207-AC34-F558D046D88D}.Release|x64.ActiveCfg = Release|Any CPU
		{97C05EA7-8356-4207-AC34-F558D046D88D}.Release|x64.Build.0 = Release|Any CPU
		{97C05EA7-8356-4207-AC34-F558D046D88D}.Release|x86.ActiveCfg = Release|Any CPU
		{97C05EA7-8356-4207-AC34-F558D046D88D}.Release|x86.Build.0 = Release|Any CPU
		{E938E716-B3B1-475B-9972-97B28DBA6331}.Debug|Any CPU.ActiveCfg = Debug|Any CPU
		{E938E716-B3B1-475B-9972-97B28DBA6331}.Debug|Any CPU.Build.0 = Debug|Any CPU
		{E938E716-B3B1-475B-9972-97B28DBA6331}.Debug|x64.ActiveCfg = Debug|Any CPU
		{E938E716-B3B1-475B-9972-97B28DBA6331}.Debug|x64.Build.0 = Debug|Any CPU
		{E938E716-B3B1-475B-9972-97B28DBA6331}.Debug|x86.ActiveCfg = Debug|Any CPU
		{E938E716-B3B1-475B-9972-97B28DBA6331}.Debug|x86.Build.0 = Debug|Any CPU
		{E938E716-B3B1-475B-9972-97B28DBA6331}.Release|Any CPU.ActiveCfg = Release|Any CPU
		{E938E716-B3B1-475B-9972-97B28DBA6331}.Release|Any CPU.Build.0 = Release|Any CPU
		{E938E716-B3B1-475B-9972-97B28DBA6331}.Release|x64.ActiveCfg = Release|Any CPU
		{E938E716-B3B1-475B-9972-97B28DBA6331}.Release|x64.Build.0 = Release|Any CPU
		{E938E716-B3B1-475B-9972-97B28DBA6331}.Release|x86.ActiveCfg = Release|Any CPU
		{E938E716-B3B1-475B-9972-97B28DBA6331}.Release|x86.Build.0 = Release|Any CPU
		{799E232D-2E79-422E-8E79-8BB40C664802}.Debug|Any CPU.ActiveCfg = Debug|Any CPU
		{799E232D-2E79-422E-8E79-8BB40C664802}.Debug|Any CPU.Build.0 = Debug|Any CPU
		{799E232D-2E79-422E-8E79-8BB40C664802}.Debug|x64.ActiveCfg = Debug|Any CPU
		{799E232D-2E79-422E-8E79-8BB40C664802}.Debug|x64.Build.0 = Debug|Any CPU
		{799E232D-2E79-422E-8E79-8BB40C664802}.Debug|x86.ActiveCfg = Debug|Any CPU
		{799E232D-2E79-422E-8E79-8BB40C664802}.Debug|x86.Build.0 = Debug|Any CPU
		{799E232D-2E79-422E-8E79-8BB40C664802}.Release|Any CPU.ActiveCfg = Release|Any CPU
		{799E232D-2E79-422E-8E79-8BB40C664802}.Release|Any CPU.Build.0 = Release|Any CPU
		{799E232D-2E79-422E-8E79-8BB40C664802}.Release|x64.ActiveCfg = Release|Any CPU
		{799E232D-2E79-422E-8E79-8BB40C664802}.Release|x64.Build.0 = Release|Any CPU
		{799E232D-2E79-422E-8E79-8BB40C664802}.Release|x86.ActiveCfg = Release|Any CPU
		{799E232D-2E79-422E-8E79-8BB40C664802}.Release|x86.Build.0 = Release|Any CPU
		{84665C06-FD69-41A8-B762-41DB2B3C3BF7}.Debug|Any CPU.ActiveCfg = Debug|Any CPU
		{84665C06-FD69-41A8-B762-41DB2B3C3BF7}.Debug|Any CPU.Build.0 = Debug|Any CPU
		{84665C06-FD69-41A8-B762-41DB2B3C3BF7}.Debug|x64.ActiveCfg = Debug|Any CPU
		{84665C06-FD69-41A8-B762-41DB2B3C3BF7}.Debug|x64.Build.0 = Debug|Any CPU
		{84665C06-FD69-41A8-B762-41DB2B3C3BF7}.Debug|x86.ActiveCfg = Debug|Any CPU
		{84665C06-FD69-41A8-B762-41DB2B3C3BF7}.Debug|x86.Build.0 = Debug|Any CPU
		{84665C06-FD69-41A8-B762-41DB2B3C3BF7}.Release|Any CPU.ActiveCfg = Release|Any CPU
		{84665C06-FD69-41A8-B762-41DB2B3C3BF7}.Release|Any CPU.Build.0 = Release|Any CPU
		{84665C06-FD69-41A8-B762-41DB2B3C3BF7}.Release|x64.ActiveCfg = Release|Any CPU
		{84665C06-FD69-41A8-B762-41DB2B3C3BF7}.Release|x64.Build.0 = Release|Any CPU
		{84665C06-FD69-41A8-B762-41DB2B3C3BF7}.Release|x86.ActiveCfg = Release|Any CPU
		{84665C06-FD69-41A8-B762-41DB2B3C3BF7}.Release|x86.Build.0 = Release|Any CPU
		{C48D8C38-E28C-431D-8B0B-6D23AE02390B}.Debug|Any CPU.ActiveCfg = Debug|Any CPU
		{C48D8C38-E28C-431D-8B0B-6D23AE02390B}.Debug|Any CPU.Build.0 = Debug|Any CPU
		{C48D8C38-E28C-431D-8B0B-6D23AE02390B}.Debug|x64.ActiveCfg = Debug|Any CPU
		{C48D8C38-E28C-431D-8B0B-6D23AE02390B}.Debug|x64.Build.0 = Debug|Any CPU
		{C48D8C38-E28C-431D-8B0B-6D23AE02390B}.Debug|x86.ActiveCfg = Debug|Any CPU
		{C48D8C38-E28C-431D-8B0B-6D23AE02390B}.Debug|x86.Build.0 = Debug|Any CPU
		{C48D8C38-E28C-431D-8B0B-6D23AE02390B}.Release|Any CPU.ActiveCfg = Release|Any CPU
		{C48D8C38-E28C-431D-8B0B-6D23AE02390B}.Release|Any CPU.Build.0 = Release|Any CPU
		{C48D8C38-E28C-431D-8B0B-6D23AE02390B}.Release|x64.ActiveCfg = Release|Any CPU
		{C48D8C38-E28C-431D-8B0B-6D23AE02390B}.Release|x64.Build.0 = Release|Any CPU
		{C48D8C38-E28C-431D-8B0B-6D23AE02390B}.Release|x86.ActiveCfg = Release|Any CPU
		{C48D8C38-E28C-431D-8B0B-6D23AE02390B}.Release|x86.Build.0 = Release|Any CPU
		{6EC6E34E-7F1A-474B-94C5-13C11D5F7FD7}.Debug|Any CPU.ActiveCfg = Debug|Any CPU
		{6EC6E34E-7F1A-474B-94C5-13C11D5F7FD7}.Debug|Any CPU.Build.0 = Debug|Any CPU
		{6EC6E34E-7F1A-474B-94C5-13C11D5F7FD7}.Debug|x64.ActiveCfg = Debug|Any CPU
		{6EC6E34E-7F1A-474B-94C5-13C11D5F7FD7}.Debug|x64.Build.0 = Debug|Any CPU
		{6EC6E34E-7F1A-474B-94C5-13C11D5F7FD7}.Debug|x86.ActiveCfg = Debug|Any CPU
		{6EC6E34E-7F1A-474B-94C5-13C11D5F7FD7}.Debug|x86.Build.0 = Debug|Any CPU
		{6EC6E34E-7F1A-474B-94C5-13C11D5F7FD7}.Release|Any CPU.ActiveCfg = Release|Any CPU
		{6EC6E34E-7F1A-474B-94C5-13C11D5F7FD7}.Release|Any CPU.Build.0 = Release|Any CPU
		{6EC6E34E-7F1A-474B-94C5-13C11D5F7FD7}.Release|x64.ActiveCfg = Release|Any CPU
		{6EC6E34E-7F1A-474B-94C5-13C11D5F7FD7}.Release|x64.Build.0 = Release|Any CPU
		{6EC6E34E-7F1A-474B-94C5-13C11D5F7FD7}.Release|x86.ActiveCfg = Release|Any CPU
		{6EC6E34E-7F1A-474B-94C5-13C11D5F7FD7}.Release|x86.Build.0 = Release|Any CPU
		{E1256B5E-9C30-4906-94C6-53638AE4256C}.Debug|Any CPU.ActiveCfg = Debug|Any CPU
		{E1256B5E-9C30-4906-94C6-53638AE4256C}.Debug|Any CPU.Build.0 = Debug|Any CPU
		{E1256B5E-9C30-4906-94C6-53638AE4256C}.Debug|x64.ActiveCfg = Debug|Any CPU
		{E1256B5E-9C30-4906-94C6-53638AE4256C}.Debug|x64.Build.0 = Debug|Any CPU
		{E1256B5E-9C30-4906-94C6-53638AE4256C}.Debug|x86.ActiveCfg = Debug|Any CPU
		{E1256B5E-9C30-4906-94C6-53638AE4256C}.Debug|x86.Build.0 = Debug|Any CPU
		{E1256B5E-9C30-4906-94C6-53638AE4256C}.Release|Any CPU.ActiveCfg = Release|Any CPU
		{E1256B5E-9C30-4906-94C6-53638AE4256C}.Release|Any CPU.Build.0 = Release|Any CPU
		{E1256B5E-9C30-4906-94C6-53638AE4256C}.Release|x64.ActiveCfg = Release|Any CPU
		{E1256B5E-9C30-4906-94C6-53638AE4256C}.Release|x64.Build.0 = Release|Any CPU
		{E1256B5E-9C30-4906-94C6-53638AE4256C}.Release|x86.ActiveCfg = Release|Any CPU
		{E1256B5E-9C30-4906-94C6-53638AE4256C}.Release|x86.Build.0 = Release|Any CPU
		{101EAD1E-A20A-45F8-B4F9-A4462A9FCFC5}.Debug|Any CPU.ActiveCfg = Debug|Any CPU
		{101EAD1E-A20A-45F8-B4F9-A4462A9FCFC5}.Debug|Any CPU.Build.0 = Debug|Any CPU
		{101EAD1E-A20A-45F8-B4F9-A4462A9FCFC5}.Debug|x64.ActiveCfg = Debug|Any CPU
		{101EAD1E-A20A-45F8-B4F9-A4462A9FCFC5}.Debug|x64.Build.0 = Debug|Any CPU
		{101EAD1E-A20A-45F8-B4F9-A4462A9FCFC5}.Debug|x86.ActiveCfg = Debug|Any CPU
		{101EAD1E-A20A-45F8-B4F9-A4462A9FCFC5}.Debug|x86.Build.0 = Debug|Any CPU
		{101EAD1E-A20A-45F8-B4F9-A4462A9FCFC5}.Release|Any CPU.ActiveCfg = Release|Any CPU
		{101EAD1E-A20A-45F8-B4F9-A4462A9FCFC5}.Release|Any CPU.Build.0 = Release|Any CPU
		{101EAD1E-A20A-45F8-B4F9-A4462A9FCFC5}.Release|x64.ActiveCfg = Release|Any CPU
		{101EAD1E-A20A-45F8-B4F9-A4462A9FCFC5}.Release|x64.Build.0 = Release|Any CPU
		{101EAD1E-A20A-45F8-B4F9-A4462A9FCFC5}.Release|x86.ActiveCfg = Release|Any CPU
		{101EAD1E-A20A-45F8-B4F9-A4462A9FCFC5}.Release|x86.Build.0 = Release|Any CPU
		{1DA02302-A30E-41C0-A7F3-6DFF78E8052E}.Debug|Any CPU.ActiveCfg = Debug|Any CPU
		{1DA02302-A30E-41C0-A7F3-6DFF78E8052E}.Debug|Any CPU.Build.0 = Debug|Any CPU
		{1DA02302-A30E-41C0-A7F3-6DFF78E8052E}.Debug|x64.ActiveCfg = Debug|Any CPU
		{1DA02302-A30E-41C0-A7F3-6DFF78E8052E}.Debug|x64.Build.0 = Debug|Any CPU
		{1DA02302-A30E-41C0-A7F3-6DFF78E8052E}.Debug|x86.ActiveCfg = Debug|Any CPU
		{1DA02302-A30E-41C0-A7F3-6DFF78E8052E}.Debug|x86.Build.0 = Debug|Any CPU
		{1DA02302-A30E-41C0-A7F3-6DFF78E8052E}.Release|Any CPU.ActiveCfg = Release|Any CPU
		{1DA02302-A30E-41C0-A7F3-6DFF78E8052E}.Release|Any CPU.Build.0 = Release|Any CPU
		{1DA02302-A30E-41C0-A7F3-6DFF78E8052E}.Release|x64.ActiveCfg = Release|Any CPU
		{1DA02302-A30E-41C0-A7F3-6DFF78E8052E}.Release|x64.Build.0 = Release|Any CPU
		{1DA02302-A30E-41C0-A7F3-6DFF78E8052E}.Release|x86.ActiveCfg = Release|Any CPU
		{1DA02302-A30E-41C0-A7F3-6DFF78E8052E}.Release|x86.Build.0 = Release|Any CPU
		{FF86BFC6-A975-49B1-A43D-735DCD336FCD}.Debug|Any CPU.ActiveCfg = Debug|Any CPU
		{FF86BFC6-A975-49B1-A43D-735DCD336FCD}.Debug|Any CPU.Build.0 = Debug|Any CPU
		{FF86BFC6-A975-49B1-A43D-735DCD336FCD}.Debug|x64.ActiveCfg = Debug|Any CPU
		{FF86BFC6-A975-49B1-A43D-735DCD336FCD}.Debug|x64.Build.0 = Debug|Any CPU
		{FF86BFC6-A975-49B1-A43D-735DCD336FCD}.Debug|x86.ActiveCfg = Debug|Any CPU
		{FF86BFC6-A975-49B1-A43D-735DCD336FCD}.Debug|x86.Build.0 = Debug|Any CPU
		{FF86BFC6-A975-49B1-A43D-735DCD336FCD}.Release|Any CPU.ActiveCfg = Release|Any CPU
		{FF86BFC6-A975-49B1-A43D-735DCD336FCD}.Release|Any CPU.Build.0 = Release|Any CPU
		{FF86BFC6-A975-49B1-A43D-735DCD336FCD}.Release|x64.ActiveCfg = Release|Any CPU
		{FF86BFC6-A975-49B1-A43D-735DCD336FCD}.Release|x64.Build.0 = Release|Any CPU
		{FF86BFC6-A975-49B1-A43D-735DCD336FCD}.Release|x86.ActiveCfg = Release|Any CPU
		{FF86BFC6-A975-49B1-A43D-735DCD336FCD}.Release|x86.Build.0 = Release|Any CPU
		{31C0F87A-F1CB-4EC1-8BE5-410A078AFBBB}.Debug|Any CPU.ActiveCfg = Debug|Any CPU
		{31C0F87A-F1CB-4EC1-8BE5-410A078AFBBB}.Debug|Any CPU.Build.0 = Debug|Any CPU
		{31C0F87A-F1CB-4EC1-8BE5-410A078AFBBB}.Debug|x64.ActiveCfg = Debug|Any CPU
		{31C0F87A-F1CB-4EC1-8BE5-410A078AFBBB}.Debug|x64.Build.0 = Debug|Any CPU
		{31C0F87A-F1CB-4EC1-8BE5-410A078AFBBB}.Debug|x86.ActiveCfg = Debug|Any CPU
		{31C0F87A-F1CB-4EC1-8BE5-410A078AFBBB}.Debug|x86.Build.0 = Debug|Any CPU
		{31C0F87A-F1CB-4EC1-8BE5-410A078AFBBB}.Release|Any CPU.ActiveCfg = Release|Any CPU
		{31C0F87A-F1CB-4EC1-8BE5-410A078AFBBB}.Release|Any CPU.Build.0 = Release|Any CPU
		{31C0F87A-F1CB-4EC1-8BE5-410A078AFBBB}.Release|x64.ActiveCfg = Release|Any CPU
		{31C0F87A-F1CB-4EC1-8BE5-410A078AFBBB}.Release|x64.Build.0 = Release|Any CPU
		{31C0F87A-F1CB-4EC1-8BE5-410A078AFBBB}.Release|x86.ActiveCfg = Release|Any CPU
		{31C0F87A-F1CB-4EC1-8BE5-410A078AFBBB}.Release|x86.Build.0 = Release|Any CPU
		{99ECB1BA-7B3D-49CB-880C-90545C2B63D5}.Debug|Any CPU.ActiveCfg = Debug|Any CPU
		{99ECB1BA-7B3D-49CB-880C-90545C2B63D5}.Debug|Any CPU.Build.0 = Debug|Any CPU
		{99ECB1BA-7B3D-49CB-880C-90545C2B63D5}.Debug|x64.ActiveCfg = Debug|Any CPU
		{99ECB1BA-7B3D-49CB-880C-90545C2B63D5}.Debug|x64.Build.0 = Debug|Any CPU
		{99ECB1BA-7B3D-49CB-880C-90545C2B63D5}.Debug|x86.ActiveCfg = Debug|Any CPU
		{99ECB1BA-7B3D-49CB-880C-90545C2B63D5}.Debug|x86.Build.0 = Debug|Any CPU
		{99ECB1BA-7B3D-49CB-880C-90545C2B63D5}.Release|Any CPU.ActiveCfg = Release|Any CPU
		{99ECB1BA-7B3D-49CB-880C-90545C2B63D5}.Release|Any CPU.Build.0 = Release|Any CPU
		{99ECB1BA-7B3D-49CB-880C-90545C2B63D5}.Release|x64.ActiveCfg = Release|Any CPU
		{99ECB1BA-7B3D-49CB-880C-90545C2B63D5}.Release|x64.Build.0 = Release|Any CPU
		{99ECB1BA-7B3D-49CB-880C-90545C2B63D5}.Release|x86.ActiveCfg = Release|Any CPU
		{99ECB1BA-7B3D-49CB-880C-90545C2B63D5}.Release|x86.Build.0 = Release|Any CPU
		{52FE3181-2186-40C3-87BD-A163C73CADC8}.Debug|Any CPU.ActiveCfg = Debug|Any CPU
		{52FE3181-2186-40C3-87BD-A163C73CADC8}.Debug|Any CPU.Build.0 = Debug|Any CPU
		{52FE3181-2186-40C3-87BD-A163C73CADC8}.Debug|x64.ActiveCfg = Debug|Any CPU
		{52FE3181-2186-40C3-87BD-A163C73CADC8}.Debug|x64.Build.0 = Debug|Any CPU
		{52FE3181-2186-40C3-87BD-A163C73CADC8}.Debug|x86.ActiveCfg = Debug|Any CPU
		{52FE3181-2186-40C3-87BD-A163C73CADC8}.Debug|x86.Build.0 = Debug|Any CPU
		{52FE3181-2186-40C3-87BD-A163C73CADC8}.Release|Any CPU.ActiveCfg = Release|Any CPU
		{52FE3181-2186-40C3-87BD-A163C73CADC8}.Release|Any CPU.Build.0 = Release|Any CPU
		{52FE3181-2186-40C3-87BD-A163C73CADC8}.Release|x64.ActiveCfg = Release|Any CPU
		{52FE3181-2186-40C3-87BD-A163C73CADC8}.Release|x64.Build.0 = Release|Any CPU
		{52FE3181-2186-40C3-87BD-A163C73CADC8}.Release|x86.ActiveCfg = Release|Any CPU
		{52FE3181-2186-40C3-87BD-A163C73CADC8}.Release|x86.Build.0 = Release|Any CPU
		{656EA38B-4F1C-40BB-9268-765AD24F7449}.Debug|Any CPU.ActiveCfg = Debug|Any CPU
		{656EA38B-4F1C-40BB-9268-765AD24F7449}.Debug|Any CPU.Build.0 = Debug|Any CPU
		{656EA38B-4F1C-40BB-9268-765AD24F7449}.Debug|x64.ActiveCfg = Debug|Any CPU
		{656EA38B-4F1C-40BB-9268-765AD24F7449}.Debug|x64.Build.0 = Debug|Any CPU
		{656EA38B-4F1C-40BB-9268-765AD24F7449}.Debug|x86.ActiveCfg = Debug|Any CPU
		{656EA38B-4F1C-40BB-9268-765AD24F7449}.Debug|x86.Build.0 = Debug|Any CPU
		{656EA38B-4F1C-40BB-9268-765AD24F7449}.Release|Any CPU.ActiveCfg = Release|Any CPU
		{656EA38B-4F1C-40BB-9268-765AD24F7449}.Release|Any CPU.Build.0 = Release|Any CPU
		{656EA38B-4F1C-40BB-9268-765AD24F7449}.Release|x64.ActiveCfg = Release|Any CPU
		{656EA38B-4F1C-40BB-9268-765AD24F7449}.Release|x64.Build.0 = Release|Any CPU
		{656EA38B-4F1C-40BB-9268-765AD24F7449}.Release|x86.ActiveCfg = Release|Any CPU
		{656EA38B-4F1C-40BB-9268-765AD24F7449}.Release|x86.Build.0 = Release|Any CPU
		{7E8633B7-C82A-479B-945F-58A8E6C82460}.Debug|Any CPU.ActiveCfg = Debug|Any CPU
		{7E8633B7-C82A-479B-945F-58A8E6C82460}.Debug|Any CPU.Build.0 = Debug|Any CPU
		{7E8633B7-C82A-479B-945F-58A8E6C82460}.Debug|x64.ActiveCfg = Debug|Any CPU
		{7E8633B7-C82A-479B-945F-58A8E6C82460}.Debug|x64.Build.0 = Debug|Any CPU
		{7E8633B7-C82A-479B-945F-58A8E6C82460}.Debug|x86.ActiveCfg = Debug|Any CPU
		{7E8633B7-C82A-479B-945F-58A8E6C82460}.Debug|x86.Build.0 = Debug|Any CPU
		{7E8633B7-C82A-479B-945F-58A8E6C82460}.Release|Any CPU.ActiveCfg = Release|Any CPU
		{7E8633B7-C82A-479B-945F-58A8E6C82460}.Release|Any CPU.Build.0 = Release|Any CPU
		{7E8633B7-C82A-479B-945F-58A8E6C82460}.Release|x64.ActiveCfg = Release|Any CPU
		{7E8633B7-C82A-479B-945F-58A8E6C82460}.Release|x64.Build.0 = Release|Any CPU
		{7E8633B7-C82A-479B-945F-58A8E6C82460}.Release|x86.ActiveCfg = Release|Any CPU
		{7E8633B7-C82A-479B-945F-58A8E6C82460}.Release|x86.Build.0 = Release|Any CPU
		{302EFD97-88F1-4E8B-929E-A57163E4D4AA}.Debug|Any CPU.ActiveCfg = Debug|Any CPU
		{302EFD97-88F1-4E8B-929E-A57163E4D4AA}.Debug|Any CPU.Build.0 = Debug|Any CPU
		{302EFD97-88F1-4E8B-929E-A57163E4D4AA}.Debug|x64.ActiveCfg = Debug|Any CPU
		{302EFD97-88F1-4E8B-929E-A57163E4D4AA}.Debug|x64.Build.0 = Debug|Any CPU
		{302EFD97-88F1-4E8B-929E-A57163E4D4AA}.Debug|x86.ActiveCfg = Debug|Any CPU
		{302EFD97-88F1-4E8B-929E-A57163E4D4AA}.Debug|x86.Build.0 = Debug|Any CPU
		{302EFD97-88F1-4E8B-929E-A57163E4D4AA}.Release|Any CPU.ActiveCfg = Release|Any CPU
		{302EFD97-88F1-4E8B-929E-A57163E4D4AA}.Release|Any CPU.Build.0 = Release|Any CPU
		{302EFD97-88F1-4E8B-929E-A57163E4D4AA}.Release|x64.ActiveCfg = Release|Any CPU
		{302EFD97-88F1-4E8B-929E-A57163E4D4AA}.Release|x64.Build.0 = Release|Any CPU
		{302EFD97-88F1-4E8B-929E-A57163E4D4AA}.Release|x86.ActiveCfg = Release|Any CPU
		{302EFD97-88F1-4E8B-929E-A57163E4D4AA}.Release|x86.Build.0 = Release|Any CPU
		{5D891926-66C1-46E7-99B8-7FF67E552FDF}.Debug|Any CPU.ActiveCfg = Debug|Any CPU
		{5D891926-66C1-46E7-99B8-7FF67E552FDF}.Debug|Any CPU.Build.0 = Debug|Any CPU
		{5D891926-66C1-46E7-99B8-7FF67E552FDF}.Debug|x64.ActiveCfg = Debug|Any CPU
		{5D891926-66C1-46E7-99B8-7FF67E552FDF}.Debug|x64.Build.0 = Debug|Any CPU
		{5D891926-66C1-46E7-99B8-7FF67E552FDF}.Debug|x86.ActiveCfg = Debug|Any CPU
		{5D891926-66C1-46E7-99B8-7FF67E552FDF}.Debug|x86.Build.0 = Debug|Any CPU
		{5D891926-66C1-46E7-99B8-7FF67E552FDF}.Release|Any CPU.ActiveCfg = Release|Any CPU
		{5D891926-66C1-46E7-99B8-7FF67E552FDF}.Release|Any CPU.Build.0 = Release|Any CPU
		{5D891926-66C1-46E7-99B8-7FF67E552FDF}.Release|x64.ActiveCfg = Release|Any CPU
		{5D891926-66C1-46E7-99B8-7FF67E552FDF}.Release|x64.Build.0 = Release|Any CPU
		{5D891926-66C1-46E7-99B8-7FF67E552FDF}.Release|x86.ActiveCfg = Release|Any CPU
		{5D891926-66C1-46E7-99B8-7FF67E552FDF}.Release|x86.Build.0 = Release|Any CPU
		{C8BF5B3E-2745-4AF5-855B-68C35358A05D}.Debug|Any CPU.ActiveCfg = Debug|Any CPU
		{C8BF5B3E-2745-4AF5-855B-68C35358A05D}.Debug|Any CPU.Build.0 = Debug|Any CPU
		{C8BF5B3E-2745-4AF5-855B-68C35358A05D}.Debug|x64.ActiveCfg = Debug|Any CPU
		{C8BF5B3E-2745-4AF5-855B-68C35358A05D}.Debug|x64.Build.0 = Debug|Any CPU
		{C8BF5B3E-2745-4AF5-855B-68C35358A05D}.Debug|x86.ActiveCfg = Debug|Any CPU
		{C8BF5B3E-2745-4AF5-855B-68C35358A05D}.Debug|x86.Build.0 = Debug|Any CPU
		{C8BF5B3E-2745-4AF5-855B-68C35358A05D}.Release|Any CPU.ActiveCfg = Release|Any CPU
		{C8BF5B3E-2745-4AF5-855B-68C35358A05D}.Release|Any CPU.Build.0 = Release|Any CPU
		{C8BF5B3E-2745-4AF5-855B-68C35358A05D}.Release|x64.ActiveCfg = Release|Any CPU
		{C8BF5B3E-2745-4AF5-855B-68C35358A05D}.Release|x64.Build.0 = Release|Any CPU
		{C8BF5B3E-2745-4AF5-855B-68C35358A05D}.Release|x86.ActiveCfg = Release|Any CPU
		{C8BF5B3E-2745-4AF5-855B-68C35358A05D}.Release|x86.Build.0 = Release|Any CPU
		{A57C43E6-39C1-4388-BCBC-BAF794CDDEE0}.Debug|Any CPU.ActiveCfg = Debug|Any CPU
		{A57C43E6-39C1-4388-BCBC-BAF794CDDEE0}.Debug|Any CPU.Build.0 = Debug|Any CPU
		{A57C43E6-39C1-4388-BCBC-BAF794CDDEE0}.Debug|x64.ActiveCfg = Debug|Any CPU
		{A57C43E6-39C1-4388-BCBC-BAF794CDDEE0}.Debug|x64.Build.0 = Debug|Any CPU
		{A57C43E6-39C1-4388-BCBC-BAF794CDDEE0}.Debug|x86.ActiveCfg = Debug|Any CPU
		{A57C43E6-39C1-4388-BCBC-BAF794CDDEE0}.Debug|x86.Build.0 = Debug|Any CPU
		{A57C43E6-39C1-4388-BCBC-BAF794CDDEE0}.Release|Any CPU.ActiveCfg = Release|Any CPU
		{A57C43E6-39C1-4388-BCBC-BAF794CDDEE0}.Release|Any CPU.Build.0 = Release|Any CPU
		{A57C43E6-39C1-4388-BCBC-BAF794CDDEE0}.Release|x64.ActiveCfg = Release|Any CPU
		{A57C43E6-39C1-4388-BCBC-BAF794CDDEE0}.Release|x64.Build.0 = Release|Any CPU
		{A57C43E6-39C1-4388-BCBC-BAF794CDDEE0}.Release|x86.ActiveCfg = Release|Any CPU
		{A57C43E6-39C1-4388-BCBC-BAF794CDDEE0}.Release|x86.Build.0 = Release|Any CPU
		{8E74018E-15A3-411E-B002-AA9026F2A20F}.Debug|Any CPU.ActiveCfg = Debug|Any CPU
		{8E74018E-15A3-411E-B002-AA9026F2A20F}.Debug|Any CPU.Build.0 = Debug|Any CPU
		{8E74018E-15A3-411E-B002-AA9026F2A20F}.Debug|x64.ActiveCfg = Debug|Any CPU
		{8E74018E-15A3-411E-B002-AA9026F2A20F}.Debug|x64.Build.0 = Debug|Any CPU
		{8E74018E-15A3-411E-B002-AA9026F2A20F}.Debug|x86.ActiveCfg = Debug|Any CPU
		{8E74018E-15A3-411E-B002-AA9026F2A20F}.Debug|x86.Build.0 = Debug|Any CPU
		{8E74018E-15A3-411E-B002-AA9026F2A20F}.Release|Any CPU.ActiveCfg = Release|Any CPU
		{8E74018E-15A3-411E-B002-AA9026F2A20F}.Release|Any CPU.Build.0 = Release|Any CPU
		{8E74018E-15A3-411E-B002-AA9026F2A20F}.Release|x64.ActiveCfg = Release|Any CPU
		{8E74018E-15A3-411E-B002-AA9026F2A20F}.Release|x64.Build.0 = Release|Any CPU
		{8E74018E-15A3-411E-B002-AA9026F2A20F}.Release|x86.ActiveCfg = Release|Any CPU
		{8E74018E-15A3-411E-B002-AA9026F2A20F}.Release|x86.Build.0 = Release|Any CPU
		{91C7359A-283F-40F8-998B-0699D22E200B}.Debug|Any CPU.ActiveCfg = Debug|Any CPU
		{91C7359A-283F-40F8-998B-0699D22E200B}.Debug|Any CPU.Build.0 = Debug|Any CPU
		{91C7359A-283F-40F8-998B-0699D22E200B}.Debug|x64.ActiveCfg = Debug|Any CPU
		{91C7359A-283F-40F8-998B-0699D22E200B}.Debug|x64.Build.0 = Debug|Any CPU
		{91C7359A-283F-40F8-998B-0699D22E200B}.Debug|x86.ActiveCfg = Debug|Any CPU
		{91C7359A-283F-40F8-998B-0699D22E200B}.Debug|x86.Build.0 = Debug|Any CPU
		{91C7359A-283F-40F8-998B-0699D22E200B}.Release|Any CPU.ActiveCfg = Release|Any CPU
		{91C7359A-283F-40F8-998B-0699D22E200B}.Release|Any CPU.Build.0 = Release|Any CPU
		{91C7359A-283F-40F8-998B-0699D22E200B}.Release|x64.ActiveCfg = Release|Any CPU
		{91C7359A-283F-40F8-998B-0699D22E200B}.Release|x64.Build.0 = Release|Any CPU
		{91C7359A-283F-40F8-998B-0699D22E200B}.Release|x86.ActiveCfg = Release|Any CPU
		{91C7359A-283F-40F8-998B-0699D22E200B}.Release|x86.Build.0 = Release|Any CPU
	EndGlobalSection
	GlobalSection(SolutionProperties) = preSolution
		HideSolutionNode = FALSE
	EndGlobalSection
	GlobalSection(NestedProjects) = preSolution
		{E1256B5E-9C30-4906-94C6-53638AE4256C} = {FC9BB7B7-966E-42C8-8B83-302602214938}
		{101EAD1E-A20A-45F8-B4F9-A4462A9FCFC5} = {E4AF1868-08C6-4D14-BFFE-43C52B4441E3}
		{1DA02302-A30E-41C0-A7F3-6DFF78E8052E} = {E4AF1868-08C6-4D14-BFFE-43C52B4441E3}
		{E938E716-B3B1-475B-9972-97B28DBA6331} = {E4AF1868-08C6-4D14-BFFE-43C52B4441E3}
		{FF86BFC6-A975-49B1-A43D-735DCD336FCD} = {FC9BB7B7-966E-42C8-8B83-302602214938}
		{31C0F87A-F1CB-4EC1-8BE5-410A078AFBBB} = {FC9BB7B7-966E-42C8-8B83-302602214938}
		{99ECB1BA-7B3D-49CB-880C-90545C2B63D5} = {FC9BB7B7-966E-42C8-8B83-302602214938}
		{52FE3181-2186-40C3-87BD-A163C73CADC8} = {FC9BB7B7-966E-42C8-8B83-302602214938}
		{656EA38B-4F1C-40BB-9268-765AD24F7449} = {FC9BB7B7-966E-42C8-8B83-302602214938}
		{7E8633B7-C82A-479B-945F-58A8E6C82460} = {FC9BB7B7-966E-42C8-8B83-302602214938}
		{302EFD97-88F1-4E8B-929E-A57163E4D4AA} = {FC9BB7B7-966E-42C8-8B83-302602214938}
		{5D891926-66C1-46E7-99B8-7FF67E552FDF} = {FC9BB7B7-966E-42C8-8B83-302602214938}
		{C8BF5B3E-2745-4AF5-855B-68C35358A05D} = {FC9BB7B7-966E-42C8-8B83-302602214938}
		{A57C43E6-39C1-4388-BCBC-BAF794CDDEE0} = {E4AF1868-08C6-4D14-BFFE-43C52B4441E3}
		{8E74018E-15A3-411E-B002-AA9026F2A20F} = {E4AF1868-08C6-4D14-BFFE-43C52B4441E3}
		{91C7359A-283F-40F8-998B-0699D22E200B} = {E4AF1868-08C6-4D14-BFFE-43C52B4441E3}
	EndGlobalSection
	GlobalSection(ExtensibilityGlobals) = postSolution
		SolutionGuid = {8A7D9B1A-6C91-4F5E-A1E3-7F53DD7F2C3D}
	EndGlobalSection
EndGlobal
